# This file is generated by running "yarn install" inside your project.
# Manual changes might be lost - proceed with caution!

__metadata:
  version: 6

"@webaverse-studios/eslint-config@workspace:.":
  version: 0.0.0-use.local
  resolution: "@webaverse-studios/eslint-config@workspace:."
  peerDependencies:
    eslint: ">= 8"
    eslint-plugin-import: "*"
    eslint-plugin-jsdoc: "*"
    eslint-plugin-promise: "*"
  languageName: unknown
  linkType: soft
